
Microsoft Visual Studio Solution File, Format Version 11.00
# Visual Studio 2010
Project("{FAE04EC0-301F-11D3-BF4B-00C04F79EFBC}") = "Resume View Report", "Resume View Report\Resume View Report.csproj", "{4436CD3A-CF72-4A2F-9296-2713677AE8F4}"
EndProject
Global
	GlobalSection(SolutionConfigurationPlatforms) = preSolution
		Debug|x86 = Debug|x86
		Release|x86 = Release|x86
	EndGlobalSection
	GlobalSection(ProjectConfigurationPlatforms) = postSolution
		{4436CD3A-CF72-4A2F-9296-2713677AE8F4}.Debug|x86.ActiveCfg = Debug|x86
		{4436CD3A-CF72-4A2F-9296-2713677AE8F4}.Debug|x86.Build.0 = Debug|x86
		{4436CD3A-CF72-4A2F-9296-2713677AE8F4}.Release|x86.ActiveCfg = Release|x86
		{4436CD3A-CF72-4A2F-9296-2713677AE8F4}.Release|x86.Build.0 = Release|x86
	EndGlobalSection
	GlobalSection(SolutionProperties) = preSolution
		HideSolutionNode = FALSE
	EndGlobalSection
EndGlobal
